// !$*UTF8*$!
{
	archiveVersion = 1;
	classes = {
	};
	objectVersion = 55;
	objects = {

/* Begin PBXBuildFile section */
		6B6A611527D75E980035E795 /* Stonks_MacOSApp.swift in Sources */ = {isa = PBXBuildFile; fileRef = 6B6A611427D75E980035E795 /* Stonks_MacOSApp.swift */; };
		6B6A611727D75E980035E795 /* ContentView.swift in Sources */ = {isa = PBXBuildFile; fileRef = 6B6A611627D75E980035E795 /* ContentView.swift */; };
		6B6A611927D75E9A0035E795 /* Assets.xcassets in Resources */ = {isa = PBXBuildFile; fileRef = 6B6A611827D75E9A0035E795 /* Assets.xcassets */; };
		6B6A611C27D75E9A0035E795 /* Preview Assets.xcassets in Resources */ = {isa = PBXBuildFile; fileRef = 6B6A611B27D75E9A0035E795 /* Preview Assets.xcassets */; };
		6B6A612727D75E9A0035E795 /* Stonks_MacOSTests.swift in Sources */ = {isa = PBXBuildFile; fileRef = 6B6A612627D75E9A0035E795 /* Stonks_MacOSTests.swift */; };
		6B6A613127D75E9A0035E795 /* Stonks_MacOSUITests.swift in Sources */ = {isa = PBXBuildFile; fileRef = 6B6A613027D75E9A0035E795 /* Stonks_MacOSUITests.swift */; };
		6B6A613327D75E9A0035E795 /* Stonks_MacOSUITestsLaunchTests.swift in Sources */ = {isa = PBXBuildFile; fileRef = 6B6A613227D75E9A0035E795 /* Stonks_MacOSUITestsLaunchTests.swift */; };
		6B6A615927D7A2390035E795 /* Stonks.xcframework in Frameworks */ = {isa = PBXBuildFile; fileRef = 6B6A615827D7A2390035E795 /* Stonks.xcframework */; };
		6B6A615A27D7A2390035E795 /* Stonks.xcframework in Embed Frameworks */ = {isa = PBXBuildFile; fileRef = 6B6A615827D7A2390035E795 /* Stonks.xcframework */; settings = {ATTRIBUTES = (CodeSignOnCopy, RemoveHeadersOnCopy, ); }; };
/* End PBXBuildFile section */

/* Begin PBXContainerItemProxy section */
		6B6A612327D75E9A0035E795 /* PBXContainerItemProxy */ = {
			isa = PBXContainerItemProxy;
			containerPortal = 6B6A610927D75E980035E795 /* Project object */;
			proxyType = 1;
			remoteGlobalIDString = 6B6A611027D75E980035E795;
			remoteInfo = Stonks_MacOS;
		};
		6B6A612D27D75E9A0035E795 /* PBXContainerItemProxy */ = {
			isa = PBXContainerItemProxy;
			containerPortal = 6B6A610927D75E980035E795 /* Project object */;
			proxyType = 1;
			remoteGlobalIDString = 6B6A611027D75E980035E795;
			remoteInfo = Stonks_MacOS;
		};
/* End PBXContainerItemProxy section */

/* Begin PBXCopyFilesBuildPhase section */
		6B6A614727D79C5F0035E795 /* Embed Frameworks */ = {
			isa = PBXCopyFilesBuildPhase;
			buildActionMask = 2147483647;
			dstPath = "";
			dstSubfolderSpec = 10;
			files = (
				6B6A615A27D7A2390035E795 /* Stonks.xcframework in Embed Frameworks */,
			);
			name = "Embed Frameworks";
			runOnlyForDeploymentPostprocessing = 0;
		};
/* End PBXCopyFilesBuildPhase section */

/* Begin PBXFileReference section */
		6B6A611127D75E980035E795 /* Stonks_MacOS.app */ = {isa = PBXFileReference; explicitFileType = wrapper.application; includeInIndex = 0; path = Stonks_MacOS.app; sourceTree = BUILT_PRODUCTS_DIR; };
		6B6A611427D75E980035E795 /* Stonks_MacOSApp.swift */ = {isa = PBXFileReference; lastKnownFileType = sourcecode.swift; path = Stonks_MacOSApp.swift; sourceTree = "<group>"; };
		6B6A611627D75E980035E795 /* ContentView.swift */ = {isa = PBXFileReference; lastKnownFileType = sourcecode.swift; path = ContentView.swift; sourceTree = "<group>"; };
		6B6A611827D75E9A0035E795 /* Assets.xcassets */ = {isa = PBXFileReference; lastKnownFileType = folder.assetcatalog; path = Assets.xcassets; sourceTree = "<group>"; };
		6B6A611B27D75E9A0035E795 /* Preview Assets.xcassets */ = {isa = PBXFileReference; lastKnownFileType = folder.assetcatalog; path = "Preview Assets.xcassets"; sourceTree = "<group>"; };
		6B6A611D27D75E9A0035E795 /* Stonks_MacOS.entitlements */ = {isa = PBXFileReference; lastKnownFileType = text.plist.entitlements; path = Stonks_MacOS.entitlements; sourceTree = "<group>"; };
		6B6A612227D75E9A0035E795 /* Stonks_MacOSTests.xctest */ = {isa = PBXFileReference; explicitFileType = wrapper.cfbundle; includeInIndex = 0; path = Stonks_MacOSTests.xctest; sourceTree = BUILT_PRODUCTS_DIR; };
		6B6A612627D75E9A0035E795 /* Stonks_MacOSTests.swift */ = {isa = PBXFileReference; lastKnownFileType = sourcecode.swift; path = Stonks_MacOSTests.swift; sourceTree = "<group>"; };
		6B6A612C27D75E9A0035E795 /* Stonks_MacOSUITests.xctest */ = {isa = PBXFileReference; explicitFileType = wrapper.cfbundle; includeInIndex = 0; path = Stonks_MacOSUITests.xctest; sourceTree = BUILT_PRODUCTS_DIR; };
		6B6A613027D75E9A0035E795 /* Stonks_MacOSUITests.swift */ = {isa = PBXFileReference; lastKnownFileType = sourcecode.swift; path = Stonks_MacOSUITests.swift; sourceTree = "<group>"; };
		6B6A613227D75E9A0035E795 /* Stonks_MacOSUITestsLaunchTests.swift */ = {isa = PBXFileReference; lastKnownFileType = sourcecode.swift; path = Stonks_MacOSUITestsLaunchTests.swift; sourceTree = "<group>"; };
		6B6A615827D7A2390035E795 /* Stonks.xcframework */ = {isa = PBXFileReference; lastKnownFileType = wrapper.xcframework; name = Stonks.xcframework; path = ../Stonks/swiftpackage/Stonks.xcframework; sourceTree = "<group>"; };
/* End PBXFileReference section */

/* Begin PBXFrameworksBuildPhase section */
		6B6A610E27D75E980035E795 /* Frameworks */ = {
			isa = PBXFrameworksBuildPhase;
			buildActionMask = 2147483647;
			files = (
				6B6A615927D7A2390035E795 /* Stonks.xcframework in Frameworks */,
			);
			runOnlyForDeploymentPostprocessing = 0;
		};
		6B6A611F27D75E9A0035E795 /* Frameworks */ = {
			isa = PBXFrameworksBuildPhase;
			buildActionMask = 2147483647;
			files = (
			);
			runOnlyForDeploymentPostprocessing = 0;
		};
		6B6A612927D75E9A0035E795 /* Frameworks */ = {
			isa = PBXFrameworksBuildPhase;
			buildActionMask = 2147483647;
			files = (
			);
			runOnlyForDeploymentPostprocessing = 0;
		};
/* End PBXFrameworksBuildPhase section */

/* Begin PBXGroup section */
		6B6A610827D75E980035E795 = {
			isa = PBXGroup;
			children = (
				6B6A611327D75E980035E795 /* Stonks_MacOS */,
				6B6A612527D75E9A0035E795 /* Stonks_MacOSTests */,
				6B6A612F27D75E9A0035E795 /* Stonks_MacOSUITests */,
				6B6A611227D75E980035E795 /* Products */,
				6B6A615027D79E8A0035E795 /* Frameworks */,
			);
			sourceTree = "<group>";
		};
		6B6A611227D75E980035E795 /* Products */ = {
			isa = PBXGroup;
			children = (
				6B6A611127D75E980035E795 /* Stonks_MacOS.app */,
				6B6A612227D75E9A0035E795 /* Stonks_MacOSTests.xctest */,
				6B6A612C27D75E9A0035E795 /* Stonks_MacOSUITests.xctest */,
			);
			name = Products;
			sourceTree = "<group>";
		};
		6B6A611327D75E980035E795 /* Stonks_MacOS */ = {
			isa = PBXGroup;
			children = (
				6B6A611427D75E980035E795 /* Stonks_MacOSApp.swift */,
				6B6A611627D75E980035E795 /* ContentView.swift */,
				6B6A611827D75E9A0035E795 /* Assets.xcassets */,
				6B6A611D27D75E9A0035E795 /* Stonks_MacOS.entitlements */,
				6B6A611A27D75E9A0035E795 /* Preview Content */,
			);
			path = Stonks_MacOS;
			sourceTree = "<group>";
		};
		6B6A611A27D75E9A0035E795 /* Preview Content */ = {
			isa = PBXGroup;
			children = (
				6B6A611B27D75E9A0035E795 /* Preview Assets.xcassets */,
			);
			path = "Preview Content";
			sourceTree = "<group>";
		};
		6B6A612527D75E9A0035E795 /* Stonks_MacOSTests */ = {
			isa = PBXGroup;
			children = (
				6B6A612627D75E9A0035E795 /* Stonks_MacOSTests.swift */,
			);
			path = Stonks_MacOSTests;
			sourceTree = "<group>";
		};
		6B6A612F27D75E9A0035E795 /* Stonks_MacOSUITests */ = {
			isa = PBXGroup;
			children = (
				6B6A613027D75E9A0035E795 /* Stonks_MacOSUITests.swift */,
				6B6A613227D75E9A0035E795 /* Stonks_MacOSUITestsLaunchTests.swift */,
			);
			path = Stonks_MacOSUITests;
			sourceTree = "<group>";
		};
		6B6A615027D79E8A0035E795 /* Frameworks */ = {
			isa = PBXGroup;
			children = (
				6B6A615827D7A2390035E795 /* Stonks.xcframework */,
			);
			name = Frameworks;
			sourceTree = "<group>";
		};
/* End PBXGroup section */

/* Begin PBXNativeTarget section */
		6B6A611027D75E980035E795 /* Stonks_MacOS */ = {
			isa = PBXNativeTarget;
			buildConfigurationList = 6B6A613627D75E9A0035E795 /* Build configuration list for PBXNativeTarget "Stonks_MacOS" */;
			buildPhases = (
				6B6A610D27D75E980035E795 /* Sources */,
				6B6A610E27D75E980035E795 /* Frameworks */,
				6B6A610F27D75E980035E795 /* Resources */,
				6B6A614727D79C5F0035E795 /* Embed Frameworks */,
			);
			buildRules = (
			);
			dependencies = (
			);
			name = Stonks_MacOS;
			productName = Stonks_MacOS;
			productReference = 6B6A611127D75E980035E795 /* Stonks_MacOS.app */;
			productType = "com.apple.product-type.application";
		};
		6B6A612127D75E9A0035E795 /* Stonks_MacOSTests */ = {
			isa = PBXNativeTarget;
			buildConfigurationList = 6B6A613927D75E9A0035E795 /* Build configuration list for PBXNativeTarget "Stonks_MacOSTests" */;
			buildPhases = (
				6B6A611E27D75E9A0035E795 /* Sources */,
				6B6A611F27D75E9A0035E795 /* Frameworks */,
				6B6A612027D75E9A0035E795 /* Resources */,
			);
			buildRules = (
			);
			dependencies = (
				6B6A612427D75E9A0035E795 /* PBXTargetDependency */,
			);
			name = Stonks_MacOSTests;
			productName = Stonks_MacOSTests;
			productReference = 6B6A612227D75E9A0035E795 /* Stonks_MacOSTests.xctest */;
			productType = "com.apple.product-type.bundle.unit-test";
		};
		6B6A612B27D75E9A0035E795 /* Stonks_MacOSUITests */ = {
			isa = PBXNativeTarget;
			buildConfigurationList = 6B6A613C27D75E9A0035E795 /* Build configuration list for PBXNativeTarget "Stonks_MacOSUITests" */;
			buildPhases = (
				6B6A612827D75E9A0035E795 /* Sources */,
				6B6A612927D75E9A0035E795 /* Frameworks */,
				6B6A612A27D75E9A0035E795 /* Resources */,
			);
			buildRules = (
			);
			dependencies = (
				6B6A612E27D75E9A0035E795 /* PBXTargetDependency */,
			);
			name = Stonks_MacOSUITests;
			productName = Stonks_MacOSUITests;
			productReference = 6B6A612C27D75E9A0035E795 /* Stonks_MacOSUITests.xctest */;
			productType = "com.apple.product-type.bundle.ui-testing";
		};
/* End PBXNativeTarget section */

/* Begin PBXProject section */
		6B6A610927D75E980035E795 /* Project object */ = {
			isa = PBXProject;
			attributes = {
				BuildIndependentTargetsInParallel = 1;
				LastSwiftUpdateCheck = 1300;
				LastUpgradeCheck = 1300;
				TargetAttributes = {
					6B6A611027D75E980035E795 = {
						CreatedOnToolsVersion = 13.0;
					};
					6B6A612127D75E9A0035E795 = {
						CreatedOnToolsVersion = 13.0;
						TestTargetID = 6B6A611027D75E980035E795;
					};
					6B6A612B27D75E9A0035E795 = {
						CreatedOnToolsVersion = 13.0;
						TestTargetID = 6B6A611027D75E980035E795;
					};
				};
			};
			buildConfigurationList = 6B6A610C27D75E980035E795 /* Build configuration list for PBXProject "Stonks_MacOS" */;
			compatibilityVersion = "Xcode 13.0";
			developmentRegion = en;
			hasScannedForEncodings = 0;
			knownRegions = (
				en,
				Base,
			);
			mainGroup = 6B6A610827D75E980035E795;
			productRefGroup = 6B6A611227D75E980035E795 /* Products */;
			projectDirPath = "";
			projectRoot = "";
			targets = (
				6B6A611027D75E980035E795 /* Stonks_MacOS */,
				6B6A612127D75E9A0035E795 /* Stonks_MacOSTests */,
				6B6A612B27D75E9A0035E795 /* Stonks_MacOSUITests */,
			);
		};
/* End PBXProject section */

/* Begin PBXResourcesBuildPhase section */
		6B6A610F27D75E980035E795 /* Resources */ = {
			isa = PBXResourcesBuildPhase;
			buildActionMask = 2147483647;
			files = (
				6B6A611C27D75E9A0035E795 /* Preview Assets.xcassets in Resources */,
				6B6A611927D75E9A0035E795 /* Assets.xcassets in Resources */,
			);
			runOnlyForDeploymentPostprocessing = 0;
		};
		6B6A612027D75E9A0035E795 /* Resources */ = {
			isa = PBXResourcesBuildPhase;
			buildActionMask = 2147483647;
			files = (
			);
			runOnlyForDeploymentPostprocessing = 0;
		};
		6B6A612A27D75E9A0035E795 /* Resources */ = {
			isa = PBXResourcesBuildPhase;
			buildActionMask = 2147483647;
			files = (
			);
			runOnlyForDeploymentPostprocessing = 0;
		};
/* End PBXResourcesBuildPhase section */

/* Begin PBXSourcesBuildPhase section */
		6B6A610D27D75E980035E795 /* Sources */ = {
			isa = PBXSourcesBuildPhase;
			buildActionMask = 2147483647;
			files = (
				6B6A611727D75E980035E795 /* ContentView.swift in Sources */,
				6B6A611527D75E980035E795 /* Stonks_MacOSApp.swift in Sources */,
			);
			runOnlyForDeploymentPostprocessing = 0;
		};
		6B6A611E27D75E9A0035E795 /* Sources */ = {
			isa = PBXSourcesBuildPhase;
			buildActionMask = 2147483647;
			files = (
				6B6A612727D75E9A0035E795 /* Stonks_MacOSTests.swift in Sources */,
			);
			runOnlyForDeploymentPostprocessing = 0;
		};
		6B6A612827D75E9A0035E795 /* Sources */ = {
			isa = PBXSourcesBuildPhase;
			buildActionMask = 2147483647;
			files = (
				6B6A613327D75E9A0035E795 /* Stonks_MacOSUITestsLaunchTests.swift in Sources */,
				6B6A613127D75E9A0035E795 /* Stonks_MacOSUITests.swift in Sources */,
			);
			runOnlyForDeploymentPostprocessing = 0;
		};
/* End PBXSourcesBuildPhase section */

/* Begin PBXTargetDependency section */
		6B6A612427D75E9A0035E795 /* PBXTargetDependency */ = {
			isa = PBXTargetDependency;
			target = 6B6A611027D75E980035E795 /* Stonks_MacOS */;
			targetProxy = 6B6A612327D75E9A0035E795 /* PBXContainerItemProxy */;
		};
		6B6A612E27D75E9A0035E795 /* PBXTargetDependency */ = {
			isa = PBXTargetDependency;
			target = 6B6A611027D75E980035E795 /* Stonks_MacOS */;
			targetProxy = 6B6A612D27D75E9A0035E795 /* PBXContainerItemProxy */;
		};
/* End PBXTargetDependency section */

/* Begin XCBuildConfiguration section */
		6B6A613427D75E9A0035E795 /* Debug */ = {
			isa = XCBuildConfiguration;
			buildSettings = {
				ALWAYS_SEARCH_USER_PATHS = NO;
				CLANG_ANALYZER_NONNULL = YES;
				CLANG_ANALYZER_NUMBER_OBJECT_CONVERSION = YES_AGGRESSIVE;
				CLANG_CXX_LANGUAGE_STANDARD = "gnu++17";
				CLANG_CXX_LIBRARY = "libc++";
				CLANG_ENABLE_MODULES = YES;
				CLANG_ENABLE_OBJC_ARC = YES;
				CLANG_ENABLE_OBJC_WEAK = YES;
				CLANG_WARN_BLOCK_CAPTURE_AUTORELEASING = YES;
				CLANG_WARN_BOOL_CONVERSION = YES;
				CLANG_WARN_COMMA = YES;
				CLANG_WARN_CONSTANT_CONVERSION = YES;
				CLANG_WARN_DEPRECATED_OBJC_IMPLEMENTATIONS = YES;
				CLANG_WARN_DIRECT_OBJC_ISA_USAGE = YES_ERROR;
				CLANG_WARN_DOCUMENTATION_COMMENTS = YES;
				CLANG_WARN_EMPTY_BODY = YES;
				CLANG_WARN_ENUM_CONVERSION = YES;
				CLANG_WARN_INFINITE_RECURSION = YES;
				CLANG_WARN_INT_CONVERSION = YES;
				CLANG_WARN_NON_LITERAL_NULL_CONVERSION = YES;
				CLANG_WARN_OBJC_IMPLICIT_RETAIN_SELF = YES;
				CLANG_WARN_OBJC_LITERAL_CONVERSION = YES;
				CLANG_WARN_OBJC_ROOT_CLASS = YES_ERROR;
				CLANG_WARN_QUOTED_INCLUDE_IN_FRAMEWORK_HEADER = YES;
				CLANG_WARN_RANGE_LOOP_ANALYSIS = YES;
				CLANG_WARN_STRICT_PROTOTYPES = YES;
				CLANG_WARN_SUSPICIOUS_MOVE = YES;
				CLANG_WARN_UNGUARDED_AVAILABILITY = YES_AGGRESSIVE;
				CLANG_WARN_UNREACHABLE_CODE = YES;
				CLANG_WARN__DUPLICATE_METHOD_MATCH = YES;
				COPY_PHASE_STRIP = NO;
				DEBUG_INFORMATION_FORMAT = dwarf;
				ENABLE_STRICT_OBJC_MSGSEND = YES;
				ENABLE_TESTABILITY = YES;
				GCC_C_LANGUAGE_STANDARD = gnu11;
				GCC_DYNAMIC_NO_PIC = NO;
				GCC_NO_COMMON_BLOCKS = YES;
				GCC_OPTIMIZATION_LEVEL = 0;
				GCC_PREPROCESSOR_DEFINITIONS = (
					"DEBUG=1",
					"$(inherited)",
				);
				GCC_WARN_64_TO_32_BIT_CONVERSION = YES;
				GCC_WARN_ABOUT_RETURN_TYPE = YES_ERROR;
				GCC_WARN_UNDECLARED_SELECTOR = YES;
				GCC_WARN_UNINITIALIZED_AUTOS = YES_AGGRESSIVE;
				GCC_WARN_UNUSED_FUNCTION = YES;
				GCC_WARN_UNUSED_VARIABLE = YES;
				MACOSX_DEPLOYMENT_TARGET = 11.3;
				MTL_ENABLE_DEBUG_INFO = INCLUDE_SOURCE;
				MTL_FAST_MATH = YES;
				ONLY_ACTIVE_ARCH = YES;
				SDKROOT = macosx;
				SWIFT_ACTIVE_COMPILATION_CONDITIONS = DEBUG;
				SWIFT_OPTIMIZATION_LEVEL = "-Onone";
			};
			name = Debug;
		};
		6B6A613527D75E9A0035E795 /* Release */ = {
			isa = XCBuildConfiguration;
			buildSettings = {
				ALWAYS_SEARCH_USER_PATHS = NO;
				CLANG_ANALYZER_NONNULL = YES;
				CLANG_ANALYZER_NUMBER_OBJECT_CONVERSION = YES_AGGRESSIVE;
				CLANG_CXX_LANGUAGE_STANDARD = "gnu++17";
				CLANG_CXX_LIBRARY = "libc++";
				CLANG_ENABLE_MODULES = YES;
				CLANG_ENABLE_OBJC_ARC = YES;
				CLANG_ENABLE_OBJC_WEAK = YES;
				CLANG_WARN_BLOCK_CAPTURE_AUTORELEASING = YES;
				CLANG_WARN_BOOL_CONVERSION = YES;
				CLANG_WARN_COMMA = YES;
				CLANG_WARN_CONSTANT_CONVERSION = YES;
				CLANG_WARN_DEPRECATED_OBJC_IMPLEMENTATIONS = YES;
				CLANG_WARN_DIRECT_OBJC_ISA_USAGE = YES_ERROR;
				CLANG_WARN_DOCUMENTATION_COMMENTS = YES;
				CLANG_WARN_EMPTY_BODY = YES;
				CLANG_WARN_ENUM_CONVERSION = YES;
				CLANG_WARN_INFINITE_RECURSION = YES;
				CLANG_WARN_INT_CONVERSION = YES;
				CLANG_WARN_NON_LITERAL_NULL_CONVERSION = YES;
				CLANG_WARN_OBJC_IMPLICIT_RETAIN_SELF = YES;
				CLANG_WARN_OBJC_LITERAL_CONVERSION = YES;
				CLANG_WARN_OBJC_ROOT_CLASS = YES_ERROR;
				CLANG_WARN_QUOTED_INCLUDE_IN_FRAMEWORK_HEADER = YES;
				CLANG_WARN_RANGE_LOOP_ANALYSIS = YES;
				CLANG_WARN_STRICT_PROTOTYPES = YES;
				CLANG_WARN_SUSPICIOUS_MOVE = YES;
				CLANG_WARN_UNGUARDED_AVAILABILITY = YES_AGGRESSIVE;
				CLANG_WARN_UNREACHABLE_CODE = YES;
				CLANG_WARN__DUPLICATE_METHOD_MATCH = YES;
				COPY_PHASE_STRIP = NO;
				DEBUG_INFORMATION_FORMAT = "dwarf-with-dsym";
				ENABLE_NS_ASSERTIONS = NO;
				ENABLE_STRICT_OBJC_MSGSEND = YES;
				GCC_C_LANGUAGE_STANDARD = gnu11;
				GCC_NO_COMMON_BLOCKS = YES;
				GCC_WARN_64_TO_32_BIT_CONVERSION = YES;
				GCC_WARN_ABOUT_RETURN_TYPE = YES_ERROR;
				GCC_WARN_UNDECLARED_SELECTOR = YES;
				GCC_WARN_UNINITIALIZED_AUTOS = YES_AGGRESSIVE;
				GCC_WARN_UNUSED_FUNCTION = YES;
				GCC_WARN_UNUSED_VARIABLE = YES;
				MACOSX_DEPLOYMENT_TARGET = 11.3;
				MTL_ENABLE_DEBUG_INFO = NO;
				MTL_FAST_MATH = YES;
				SDKROOT = macosx;
				SWIFT_COMPILATION_MODE = wholemodule;
				SWIFT_OPTIMIZATION_LEVEL = "-O";
			};
			name = Release;
		};
		6B6A613727D75E9A0035E795 /* Debug */ = {
			isa = XCBuildConfiguration;
			buildSettings = {
				ASSETCATALOG_COMPILER_APPICON_NAME = AppIcon;
				ASSETCATALOG_COMPILER_GLOBAL_ACCENT_COLOR_NAME = AccentColor;
				CODE_SIGN_ENTITLEMENTS = Stonks_MacOS/Stonks_MacOS.entitlements;
				CODE_SIGN_STYLE = Automatic;
				COMBINE_HIDPI_IMAGES = YES;
				CURRENT_PROJECT_VERSION = 1;
				DEVELOPMENT_ASSET_PATHS = "\"Stonks_MacOS/Preview Content\"";
				DEVELOPMENT_TEAM = J92L4KR67J;
				ENABLE_HARDENED_RUNTIME = YES;
				ENABLE_PREVIEWS = YES;
				GENERATE_INFOPLIST_FILE = YES;
				INFOPLIST_KEY_NSHumanReadableCopyright = "";
				LD_RUNPATH_SEARCH_PATHS = (
					"$(inherited)",
					"@executable_path/../Frameworks",
				);
				MACOSX_DEPLOYMENT_TARGET = 11.0;
				MARKETING_VERSION = 1.0;
				PRODUCT_BUNDLE_IDENTIFIER = "dev.opotapov.Stonks-MacOS";
				PRODUCT_NAME = "$(TARGET_NAME)";
				SWIFT_EMIT_LOC_STRINGS = YES;
				SWIFT_VERSION = 5.0;
			};
			name = Debug;
		};
		6B6A613827D75E9A0035E795 /* Release */ = {
			isa = XCBuildConfiguration;
			buildSettings = {
				ASSETCATALOG_COMPILER_APPICON_NAME = AppIcon;
				ASSETCATALOG_COMPILER_GLOBAL_ACCENT_COLOR_NAME = AccentColor;
				CODE_SIGN_ENTITLEMENTS = Stonks_MacOS/Stonks_MacOS.entitlements;
				CODE_SIGN_STYLE = Automatic;
				COMBINE_HIDPI_IMAGES = YES;
				CURRENT_PROJECT_VERSION = 1;
				DEVELOPMENT_ASSET_PATHS = "\"Stonks_MacOS/Preview Content\"";
				DEVELOPMENT_TEAM = J92L4KR67J;
				ENABLE_HARDENED_RUNTIME = YES;
				ENABLE_PREVIEWS = YES;
				GENERATE_INFOPLIST_FILE = YES;
				INFOPLIST_KEY_NSHumanReadableCopyright = "";
				LD_RUNPATH_SEARCH_PATHS = (
					"$(inherited)",
					"@executable_path/../Frameworks",
				);
				MACOSX_DEPLOYMENT_TARGET = 11.0;
				MARKETING_VERSION = 1.0;
				PRODUCT_BUNDLE_IDENTIFIER = "dev.opotapov.Stonks-MacOS";
				PRODUCT_NAME = "$(TARGET_NAME)";
				SWIFT_EMIT_LOC_STRINGS = YES;
				SWIFT_VERSION = 5.0;
			};
			name = Release;
		};
		6B6A613A27D75E9A0035E795 /* Debug */ = {
			isa = XCBuildConfiguration;
			buildSettings = {
				ALWAYS_EMBED_SWIFT_STANDARD_LIBRARIES = YES;
				BUNDLE_LOADER = "$(TEST_HOST)";
				CODE_SIGN_STYLE = Automatic;
				COMBINE_HIDPI_IMAGES = YES;
				CURRENT_PROJECT_VERSION = 1;
				DEVELOPMENT_TEAM = J92L4KR67J;
				GENERATE_INFOPLIST_FILE = YES;
				LD_RUNPATH_SEARCH_PATHS = (
					"$(inherited)",
					"@executable_path/../Frameworks",
					"@loader_path/../Frameworks",
				);
				MACOSX_DEPLOYMENT_TARGET = 11.0;
				MARKETING_VERSION = 1.0;
				PRODUCT_BUNDLE_IDENTIFIER = "dev.opotapov.Stonks-MacOSTests";
				PRODUCT_NAME = "$(TARGET_NAME)";
				SWIFT_EMIT_LOC_STRINGS = NO;
				SWIFT_VERSION = 5.0;
				TEST_HOST = "$(BUILT_PRODUCTS_DIR)/Stonks_MacOS.app/Contents/MacOS/Stonks_MacOS";
			};
			name = Debug;
		};
		6B6A613B27D75E9A0035E795 /* Release */ = {
			isa = XCBuildConfiguration;
			buildSettings = {
				ALWAYS_EMBED_SWIFT_STANDARD_LIBRARIES = YES;
				BUNDLE_LOADER = "$(TEST_HOST)";
				CODE_SIGN_STYLE = Automatic;
				COMBINE_HIDPI_IMAGES = YES;
				CURRENT_PROJECT_VERSION = 1;
				DEVELOPMENT_TEAM = J92L4KR67J;
				GENERATE_INFOPLIST_FILE = YES;
				LD_RUNPATH_SEARCH_PATHS = (
					"$(inherited)",
					"@executable_path/../Frameworks",
					"@loader_path/../Frameworks",
				);
				MACOSX_DEPLOYMENT_TARGET = 11.0;
				MARKETING_VERSION = 1.0;
				PRODUCT_BUNDLE_IDENTIFIER = "dev.opotapov.Stonks-MacOSTests";
				PRODUCT_NAME = "$(TARGET_NAME)";
				SWIFT_EMIT_LOC_STRINGS = NO;
				SWIFT_VERSION = 5.0;
				TEST_HOST = "$(BUILT_PRODUCTS_DIR)/Stonks_MacOS.app/Contents/MacOS/Stonks_MacOS";
			};
			name = Release;
		};
		6B6A613D27D75E9A0035E795 /* Debug */ = {
			isa = XCBuildConfiguration;
			buildSettings = {
				ALWAYS_EMBED_SWIFT_STANDARD_LIBRARIES = YES;
				CODE_SIGN_STYLE = Automatic;
				COMBINE_HIDPI_IMAGES = YES;
				CURRENT_PROJECT_VERSION = 1;
				DEVELOPMENT_TEAM = J92L4KR67J;
				GENERATE_INFOPLIST_FILE = YES;
				LD_RUNPATH_SEARCH_PATHS = (
					"$(inherited)",
					"@executable_path/../Frameworks",
					"@loader_path/../Frameworks",
				);
				MARKETING_VERSION = 1.0;
				PRODUCT_BUNDLE_IDENTIFIER = "dev.opotapov.Stonks-MacOSUITests";
				PRODUCT_NAME = "$(TARGET_NAME)";
				SWIFT_EMIT_LOC_STRINGS = NO;
				SWIFT_VERSION = 5.0;
				TEST_TARGET_NAME = Stonks_MacOS;
			};
			name = Debug;
		};
		6B6A613E27D75E9A0035E795 /* Release */ = {
			isa = XCBuildConfiguration;
			buildSettings = {
				ALWAYS_EMBED_SWIFT_STANDARD_LIBRARIES = YES;
				CODE_SIGN_STYLE = Automatic;
				COMBINE_HIDPI_IMAGES = YES;
				CURRENT_PROJECT_VERSION = 1;
				DEVELOPMENT_TEAM = J92L4KR67J;
				GENERATE_INFOPLIST_FILE = YES;
				LD_RUNPATH_SEARCH_PATHS = (
					"$(inherited)",
					"@executable_path/../Frameworks",
					"@loader_path/../Frameworks",
				);
				MARKETING_VERSION = 1.0;
				PRODUCT_BUNDLE_IDENTIFIER = "dev.opotapov.Stonks-MacOSUITests";
				PRODUCT_NAME = "$(TARGET_NAME)";
				SWIFT_EMIT_LOC_STRINGS = NO;
				SWIFT_VERSION = 5.0;
				TEST_TARGET_NAME = Stonks_MacOS;
			};
			name = Release;
		};
/* End XCBuildConfiguration section */

/* Begin XCConfigurationList section */
		6B6A610C27D75E980035E795 /* Build configuration list for PBXProject "Stonks_MacOS" */ = {
			isa = XCConfigurationList;
			buildConfigurations = (
				6B6A613427D75E9A0035E795 /* Debug */,
				6B6A613527D75E9A0035E795 /* Release */,
			);
			defaultConfigurationIsVisible = 0;
			defaultConfigurationName = Release;
		};
		6B6A613627D75E9A0035E795 /* Build configuration list for PBXNativeTarget "Stonks_MacOS" */ = {
			isa = XCConfigurationList;
			buildConfigurations = (
				6B6A613727D75E9A0035E795 /* Debug */,
				6B6A613827D75E9A0035E795 /* Release */,
			);
			defaultConfigurationIsVisible = 0;
			defaultConfigurationName = Release;
		};
		6B6A613927D75E9A0035E795 /* Build configuration list for PBXNativeTarget "Stonks_MacOSTests" */ = {
			isa = XCConfigurationList;
			buildConfigurations = (
				6B6A613A27D75E9A0035E795 /* Debug */,
				6B6A613B27D75E9A0035E795 /* Release */,
			);
			defaultConfigurationIsVisible = 0;
			defaultConfigurationName = Release;
		};
		6B6A613C27D75E9A0035E795 /* Build configuration list for PBXNativeTarget "Stonks_MacOSUITests" */ = {
			isa = XCConfigurationList;
			buildConfigurations = (
				6B6A613D27D75E9A0035E795 /* Debug */,
				6B6A613E27D75E9A0035E795 /* Release */,
			);
			defaultConfigurationIsVisible = 0;
			defaultConfigurationName = Release;
		};
/* End XCConfigurationList section */
	};
	rootObject = 6B6A610927D75E980035E795 /* Project object */;
}
